{
  "name": "zoomwall-generator",
  "version": "1.0.0",
  "lockfileVersion": 3,
  "requires": true,
  "packages": {
    "": {
      "name": "zoomwall-generator",
      "version": "1.0.0",
      "license": "ISC",
      "dependencies": {
        "zoomwall.js": "^2.1.1"
      }
    },
    "node_modules/zoomwall.js": {
      "version": "2.1.1",
      "resolved": "https://registry.npmjs.org/zoomwall.js/-/zoomwall.js-2.1.1.tgz",
      "integrity": "sha512-WzumjO+Ay7sj3iB3fCxIZvuQV27sdarbLLwI1bubS0ATficFY+v8sbV3D0LdQkQ5bEQHldKdKZKzP9Xq5ZWLcg==",
      "license": "MIT"
    }
  }
}
